
Microsoft Visual Studio Solution File, Format Version 10.00
# Visual Studio 2008
Project("{FAE04EC0-301F-11D3-BF4B-00C04F79EFBC}") = "Urho3DGenerator", "Urho3DGenerator.csproj", "{43BD17A7-7FE1-4CCB-B647-7F4DEB71FAB8}"
EndProject
Global
	GlobalSection(SolutionConfigurationPlatforms) = preSolution
		Debug|Any CPU = Debug|Any CPU
		Release|Any CPU = Release|Any CPU
	EndGlobalSection
	GlobalSection(ProjectConfigurationPlatforms) = postSolution
		{43BD17A7-7FE1-4CCB-B647-7F4DEB71FAB8}.Debug|Any CPU.ActiveCfg = Debug|Any CPU
		{43BD17A7-7FE1-4CCB-B647-7F4DEB71FAB8}.Debug|Any CPU.Build.0 = Debug|Any CPU
		{43BD17A7-7FE1-4CCB-B647-7F4DEB71FAB8}.Release|Any CPU.ActiveCfg = Release|Any CPU
		{43BD17A7-7FE1-4CCB-B647-7F4DEB71FAB8}.Release|Any CPU.Build.0 = Release|Any CPU
	EndGlobalSection
	GlobalSection(SolutionProperties) = preSolution
		HideSolutionNode = FALSE
	EndGlobalSection
EndGlobal
