
Microsoft Visual Studio Solution File, Format Version 10.00
# Visual Studio 2008
Project("{FAE04EC0-301F-11D3-BF4B-00C04F79EFBC}") = "Urho3D_Android_Generator", "Urho3D_Android_Generator.csproj", "{3E53D741-FA13-46EB-8972-CE16201797AB}"
EndProject
Global
	GlobalSection(SolutionConfigurationPlatforms) = preSolution
		Debug|Any CPU = Debug|Any CPU
		Release|Any CPU = Release|Any CPU
	EndGlobalSection
	GlobalSection(ProjectConfigurationPlatforms) = postSolution
		{3E53D741-FA13-46EB-8972-CE16201797AB}.Debug|Any CPU.ActiveCfg = Debug|Any CPU
		{3E53D741-FA13-46EB-8972-CE16201797AB}.Debug|Any CPU.Build.0 = Debug|Any CPU
		{3E53D741-FA13-46EB-8972-CE16201797AB}.Release|Any CPU.ActiveCfg = Release|Any CPU
		{3E53D741-FA13-46EB-8972-CE16201797AB}.Release|Any CPU.Build.0 = Release|Any CPU
	EndGlobalSection
	GlobalSection(SolutionProperties) = preSolution
		HideSolutionNode = FALSE
	EndGlobalSection
EndGlobal
